// !$*UTF8*$!
{
	archiveVersion = 1;
	classes = {
	};
	objectVersion = 50;
	objects = {

/* Begin PBXBuildFile section */
		B5C58E2024BD99F000566FB4 /* Endpoint.swift in Sources */ = {isa = PBXBuildFile; fileRef = B5C58E1F24BD99F000566FB4 /* Endpoint.swift */; };
		B5C58E2224BD9A5300566FB4 /* NetworkingClient.swift in Sources */ = {isa = PBXBuildFile; fileRef = B5C58E2124BD9A5200566FB4 /* NetworkingClient.swift */; };
		B5C58E2424BD9AE100566FB4 /* URLSession+Networking.swift in Sources */ = {isa = PBXBuildFile; fileRef = B5C58E2324BD9AE100566FB4 /* URLSession+Networking.swift */; };
		B5C58E2724BD9C2000566FB4 /* NetworkingClientsTests.swift in Sources */ = {isa = PBXBuildFile; fileRef = B5C58E2624BD9C2000566FB4 /* NetworkingClientsTests.swift */; };
		B5C58E2A24BD9F5900566FB4 /* DesignStyling.swift in Sources */ = {isa = PBXBuildFile; fileRef = B5C58E2924BD9F5900566FB4 /* DesignStyling.swift */; };
		B5C58E2D24BDA42C00566FB4 /* AppController.swift in Sources */ = {isa = PBXBuildFile; fileRef = B5C58E2C24BDA42C00566FB4 /* AppController.swift */; };
		B5C58E2F24BDA56A00566FB4 /* ServicesContainer.swift in Sources */ = {isa = PBXBuildFile; fileRef = B5C58E2E24BDA56A00566FB4 /* ServicesContainer.swift */; };
		B5F2617D24BC8D5900202207 /* AppDelegate.swift in Sources */ = {isa = PBXBuildFile; fileRef = B5F2617C24BC8D5900202207 /* AppDelegate.swift */; };
		B5F2618624BC8D5A00202207 /* Assets.xcassets in Resources */ = {isa = PBXBuildFile; fileRef = B5F2618524BC8D5A00202207 /* Assets.xcassets */; };
		B5F2618924BC8D5A00202207 /* LaunchScreen.storyboard in Resources */ = {isa = PBXBuildFile; fileRef = B5F2618724BC8D5A00202207 /* LaunchScreen.storyboard */; };
/* End PBXBuildFile section */

/* Begin PBXContainerItemProxy section */
		B5F2619024BC8D5A00202207 /* PBXContainerItemProxy */ = {
			isa = PBXContainerItemProxy;
			containerPortal = B5F2617124BC8D5800202207 /* Project object */;
			proxyType = 1;
			remoteGlobalIDString = B5F2617824BC8D5800202207;
			remoteInfo = CuvvaTechTest;
		};
/* End PBXContainerItemProxy section */

/* Begin PBXFileReference section */
		B5C58E1F24BD99F000566FB4 /* Endpoint.swift */ = {isa = PBXFileReference; lastKnownFileType = sourcecode.swift; path = Endpoint.swift; sourceTree = "<group>"; };
		B5C58E2124BD9A5200566FB4 /* NetworkingClient.swift */ = {isa = PBXFileReference; lastKnownFileType = sourcecode.swift; path = NetworkingClient.swift; sourceTree = "<group>"; };
		B5C58E2324BD9AE100566FB4 /* URLSession+Networking.swift */ = {isa = PBXFileReference; lastKnownFileType = sourcecode.swift; path = "URLSession+Networking.swift"; sourceTree = "<group>"; };
		B5C58E2624BD9C2000566FB4 /* NetworkingClientsTests.swift */ = {isa = PBXFileReference; lastKnownFileType = sourcecode.swift; path = NetworkingClientsTests.swift; sourceTree = "<group>"; };
		B5C58E2924BD9F5900566FB4 /* DesignStyling.swift */ = {isa = PBXFileReference; lastKnownFileType = sourcecode.swift; path = DesignStyling.swift; sourceTree = "<group>"; };
		B5C58E2C24BDA42C00566FB4 /* AppController.swift */ = {isa = PBXFileReference; lastKnownFileType = sourcecode.swift; path = AppController.swift; sourceTree = "<group>"; };
		B5C58E2E24BDA56A00566FB4 /* ServicesContainer.swift */ = {isa = PBXFileReference; lastKnownFileType = sourcecode.swift; path = ServicesContainer.swift; sourceTree = "<group>"; };
		B5F2617924BC8D5900202207 /* CuvvaTechTest.app */ = {isa = PBXFileReference; explicitFileType = wrapper.application; includeInIndex = 0; path = CuvvaTechTest.app; sourceTree = BUILT_PRODUCTS_DIR; };
		B5F2617C24BC8D5900202207 /* AppDelegate.swift */ = {isa = PBXFileReference; lastKnownFileType = sourcecode.swift; path = AppDelegate.swift; sourceTree = "<group>"; };
		B5F2618524BC8D5A00202207 /* Assets.xcassets */ = {isa = PBXFileReference; lastKnownFileType = folder.assetcatalog; path = Assets.xcassets; sourceTree = "<group>"; };
		B5F2618824BC8D5A00202207 /* Base */ = {isa = PBXFileReference; lastKnownFileType = file.storyboard; name = Base; path = Base.lproj/LaunchScreen.storyboard; sourceTree = "<group>"; };
		B5F2618A24BC8D5A00202207 /* Info.plist */ = {isa = PBXFileReference; lastKnownFileType = text.plist.xml; path = Info.plist; sourceTree = "<group>"; };
		B5F2618F24BC8D5A00202207 /* CuvvaTechTestTests.xctest */ = {isa = PBXFileReference; explicitFileType = wrapper.cfbundle; includeInIndex = 0; path = CuvvaTechTestTests.xctest; sourceTree = BUILT_PRODUCTS_DIR; };
		B5F2619524BC8D5A00202207 /* Info.plist */ = {isa = PBXFileReference; lastKnownFileType = text.plist.xml; path = Info.plist; sourceTree = "<group>"; };
/* End PBXFileReference section */

/* Begin PBXFrameworksBuildPhase section */
		B5F2617624BC8D5800202207 /* Frameworks */ = {
			isa = PBXFrameworksBuildPhase;
			buildActionMask = 2147483647;
			files = (
			);
			runOnlyForDeploymentPostprocessing = 0;
		};
		B5F2618C24BC8D5A00202207 /* Frameworks */ = {
			isa = PBXFrameworksBuildPhase;
			buildActionMask = 2147483647;
			files = (
			);
			runOnlyForDeploymentPostprocessing = 0;
		};
/* End PBXFrameworksBuildPhase section */

/* Begin PBXGroup section */
		B50061A724BC9A9F009264DF /* Networking */ = {
			isa = PBXGroup;
			children = (
				B5C58E1F24BD99F000566FB4 /* Endpoint.swift */,
				B5C58E2124BD9A5200566FB4 /* NetworkingClient.swift */,
				B5C58E2324BD9AE100566FB4 /* URLSession+Networking.swift */,
			);
			path = Networking;
			sourceTree = "<group>";
		};
		B5C58E2524BD9BF900566FB4 /* NetworkingTests */ = {
			isa = PBXGroup;
			children = (
				B5C58E2624BD9C2000566FB4 /* NetworkingClientsTests.swift */,
			);
			path = NetworkingTests;
			sourceTree = "<group>";
		};
		B5C58E2824BD9F4900566FB4 /* Core */ = {
			isa = PBXGroup;
			children = (
				B5C58E2E24BDA56A00566FB4 /* ServicesContainer.swift */,
				B50061A724BC9A9F009264DF /* Networking */,
				B5C58E2924BD9F5900566FB4 /* DesignStyling.swift */,
			);
			path = Core;
			sourceTree = "<group>";
		};
		B5C58E2B24BDA30A00566FB4 /* Modules */ = {
			isa = PBXGroup;
			children = (
			);
			path = Modules;
			sourceTree = "<group>";
		};
		B5F2617024BC8D5800202207 = {
			isa = PBXGroup;
			children = (
				B5F2617B24BC8D5900202207 /* CuvvaTechTest */,
				B5F2619224BC8D5A00202207 /* CuvvaTechTestTests */,
				B5F2617A24BC8D5900202207 /* Products */,
			);
			sourceTree = "<group>";
		};
		B5F2617A24BC8D5900202207 /* Products */ = {
			isa = PBXGroup;
			children = (
				B5F2617924BC8D5900202207 /* CuvvaTechTest.app */,
				B5F2618F24BC8D5A00202207 /* CuvvaTechTestTests.xctest */,
			);
			name = Products;
			sourceTree = "<group>";
		};
		B5F2617B24BC8D5900202207 /* CuvvaTechTest */ = {
			isa = PBXGroup;
			children = (
				B5F2617C24BC8D5900202207 /* AppDelegate.swift */,
				B5C58E2C24BDA42C00566FB4 /* AppController.swift */,
				B5C58E2824BD9F4900566FB4 /* Core */,
				B5C58E2B24BDA30A00566FB4 /* Modules */,
				B5F2618524BC8D5A00202207 /* Assets.xcassets */,
				B5F2618724BC8D5A00202207 /* LaunchScreen.storyboard */,
				B5F2618A24BC8D5A00202207 /* Info.plist */,
			);
			path = CuvvaTechTest;
			sourceTree = "<group>";
		};
		B5F2619224BC8D5A00202207 /* CuvvaTechTestTests */ = {
			isa = PBXGroup;
			children = (
				B5C58E2524BD9BF900566FB4 /* NetworkingTests */,
				B5F2619524BC8D5A00202207 /* Info.plist */,
			);
			path = CuvvaTechTestTests;
			sourceTree = "<group>";
		};
/* End PBXGroup section */

/* Begin PBXNativeTarget section */
		B5F2617824BC8D5800202207 /* CuvvaTechTest */ = {
			isa = PBXNativeTarget;
			buildConfigurationList = B5F2619824BC8D5A00202207 /* Build configuration list for PBXNativeTarget "CuvvaTechTest" */;
			buildPhases = (
				B5F2617524BC8D5800202207 /* Sources */,
				B5F2617624BC8D5800202207 /* Frameworks */,
				B5F2617724BC8D5800202207 /* Resources */,
			);
			buildRules = (
			);
			dependencies = (
			);
			name = CuvvaTechTest;
			productName = CuvvaTechTest;
			productReference = B5F2617924BC8D5900202207 /* CuvvaTechTest.app */;
			productType = "com.apple.product-type.application";
		};
		B5F2618E24BC8D5A00202207 /* CuvvaTechTestTests */ = {
			isa = PBXNativeTarget;
			buildConfigurationList = B5F2619B24BC8D5A00202207 /* Build configuration list for PBXNativeTarget "CuvvaTechTestTests" */;
			buildPhases = (
				B5F2618B24BC8D5A00202207 /* Sources */,
				B5F2618C24BC8D5A00202207 /* Frameworks */,
				B5F2618D24BC8D5A00202207 /* Resources */,
			);
			buildRules = (
			);
			dependencies = (
				B5F2619124BC8D5A00202207 /* PBXTargetDependency */,
			);
			name = CuvvaTechTestTests;
			productName = CuvvaTechTestTests;
			productReference = B5F2618F24BC8D5A00202207 /* CuvvaTechTestTests.xctest */;
			productType = "com.apple.product-type.bundle.unit-test";
		};
/* End PBXNativeTarget section */

/* Begin PBXProject section */
		B5F2617124BC8D5800202207 /* Project object */ = {
			isa = PBXProject;
			attributes = {
				LastSwiftUpdateCheck = 1150;
				LastUpgradeCheck = 1150;
				ORGANIZATIONNAME = "Dimitrios Chatzieleftheriou";
				TargetAttributes = {
					B5F2617824BC8D5800202207 = {
						CreatedOnToolsVersion = 11.5;
					};
					B5F2618E24BC8D5A00202207 = {
						CreatedOnToolsVersion = 11.5;
						LastSwiftMigration = 1150;
						TestTargetID = B5F2617824BC8D5800202207;
					};
				};
			};
			buildConfigurationList = B5F2617424BC8D5800202207 /* Build configuration list for PBXProject "CuvvaTechTest" */;
			compatibilityVersion = "Xcode 9.3";
			developmentRegion = en;
			hasScannedForEncodings = 0;
			knownRegions = (
				en,
				Base,
			);
			mainGroup = B5F2617024BC8D5800202207;
			productRefGroup = B5F2617A24BC8D5900202207 /* Products */;
			projectDirPath = "";
			projectRoot = "";
			targets = (
				B5F2617824BC8D5800202207 /* CuvvaTechTest */,
				B5F2618E24BC8D5A00202207 /* CuvvaTechTestTests */,
			);
		};
/* End PBXProject section */

/* Begin PBXResourcesBuildPhase section */
		B5F2617724BC8D5800202207 /* Resources */ = {
			isa = PBXResourcesBuildPhase;
			buildActionMask = 2147483647;
			files = (
				B5F2618924BC8D5A00202207 /* LaunchScreen.storyboard in Resources */,
				B5F2618624BC8D5A00202207 /* Assets.xcassets in Resources */,
			);
			runOnlyForDeploymentPostprocessing = 0;
		};
		B5F2618D24BC8D5A00202207 /* Resources */ = {
			isa = PBXResourcesBuildPhase;
			buildActionMask = 2147483647;
			files = (
			);
			runOnlyForDeploymentPostprocessing = 0;
		};
/* End PBXResourcesBuildPhase section */

/* Begin PBXSourcesBuildPhase section */
		B5F2617524BC8D5800202207 /* Sources */ = {
			isa = PBXSourcesBuildPhase;
			buildActionMask = 2147483647;
			files = (
				B5C58E2F24BDA56A00566FB4 /* ServicesContainer.swift in Sources */,
				B5C58E2A24BD9F5900566FB4 /* DesignStyling.swift in Sources */,
				B5C58E2424BD9AE100566FB4 /* URLSession+Networking.swift in Sources */,
				B5C58E2224BD9A5300566FB4 /* NetworkingClient.swift in Sources */,
				B5C58E2024BD99F000566FB4 /* Endpoint.swift in Sources */,
				B5F2617D24BC8D5900202207 /* AppDelegate.swift in Sources */,
				B5C58E2D24BDA42C00566FB4 /* AppController.swift in Sources */,
			);
			runOnlyForDeploymentPostprocessing = 0;
		};
		B5F2618B24BC8D5A00202207 /* Sources */ = {
			isa = PBXSourcesBuildPhase;
			buildActionMask = 2147483647;
			files = (
				B5C58E2724BD9C2000566FB4 /* NetworkingClientsTests.swift in Sources */,
			);
			runOnlyForDeploymentPostprocessing = 0;
		};
/* End PBXSourcesBuildPhase section */

/* Begin PBXTargetDependency section */
		B5F2619124BC8D5A00202207 /* PBXTargetDependency */ = {
			isa = PBXTargetDependency;
			target = B5F2617824BC8D5800202207 /* CuvvaTechTest */;
			targetProxy = B5F2619024BC8D5A00202207 /* PBXContainerItemProxy */;
		};
/* End PBXTargetDependency section */

/* Begin PBXVariantGroup section */
		B5F2618724BC8D5A00202207 /* LaunchScreen.storyboard */ = {
			isa = PBXVariantGroup;
			children = (
				B5F2618824BC8D5A00202207 /* Base */,
			);
			name = LaunchScreen.storyboard;
			sourceTree = "<group>";
		};
/* End PBXVariantGroup section */

/* Begin XCBuildConfiguration section */
		B5F2619624BC8D5A00202207 /* Debug */ = {
			isa = XCBuildConfiguration;
			buildSettings = {
				ALWAYS_SEARCH_USER_PATHS = NO;
				CLANG_ANALYZER_NONNULL = YES;
				CLANG_ANALYZER_NUMBER_OBJECT_CONVERSION = YES_AGGRESSIVE;
				CLANG_CXX_LANGUAGE_STANDARD = "gnu++14";
				CLANG_CXX_LIBRARY = "libc++";
				CLANG_ENABLE_MODULES = YES;
				CLANG_ENABLE_OBJC_ARC = YES;
				CLANG_ENABLE_OBJC_WEAK = YES;
				CLANG_WARN_BLOCK_CAPTURE_AUTORELEASING = YES;
				CLANG_WARN_BOOL_CONVERSION = YES;
				CLANG_WARN_COMMA = YES;
				CLANG_WARN_CONSTANT_CONVERSION = YES;
				CLANG_WARN_DEPRECATED_OBJC_IMPLEMENTATIONS = YES;
				CLANG_WARN_DIRECT_OBJC_ISA_USAGE = YES_ERROR;
				CLANG_WARN_DOCUMENTATION_COMMENTS = YES;
				CLANG_WARN_EMPTY_BODY = YES;
				CLANG_WARN_ENUM_CONVERSION = YES;
				CLANG_WARN_INFINITE_RECURSION = YES;
				CLANG_WARN_INT_CONVERSION = YES;
				CLANG_WARN_NON_LITERAL_NULL_CONVERSION = YES;
				CLANG_WARN_OBJC_IMPLICIT_RETAIN_SELF = YES;
				CLANG_WARN_OBJC_LITERAL_CONVERSION = YES;
				CLANG_WARN_OBJC_ROOT_CLASS = YES_ERROR;
				CLANG_WARN_RANGE_LOOP_ANALYSIS = YES;
				CLANG_WARN_STRICT_PROTOTYPES = YES;
				CLANG_WARN_SUSPICIOUS_MOVE = YES;
				CLANG_WARN_UNGUARDED_AVAILABILITY = YES_AGGRESSIVE;
				CLANG_WARN_UNREACHABLE_CODE = YES;
				CLANG_WARN__DUPLICATE_METHOD_MATCH = YES;
				COPY_PHASE_STRIP = NO;
				DEBUG_INFORMATION_FORMAT = dwarf;
				ENABLE_STRICT_OBJC_MSGSEND = YES;
				ENABLE_TESTABILITY = YES;
				GCC_C_LANGUAGE_STANDARD = gnu11;
				GCC_DYNAMIC_NO_PIC = NO;
				GCC_NO_COMMON_BLOCKS = YES;
				GCC_OPTIMIZATION_LEVEL = 0;
				GCC_PREPROCESSOR_DEFINITIONS = (
					"DEBUG=1",
					"$(inherited)",
				);
				GCC_WARN_64_TO_32_BIT_CONVERSION = YES;
				GCC_WARN_ABOUT_RETURN_TYPE = YES_ERROR;
				GCC_WARN_UNDECLARED_SELECTOR = YES;
				GCC_WARN_UNINITIALIZED_AUTOS = YES_AGGRESSIVE;
				GCC_WARN_UNUSED_FUNCTION = YES;
				GCC_WARN_UNUSED_VARIABLE = YES;
				IPHONEOS_DEPLOYMENT_TARGET = 13.5;
				MTL_ENABLE_DEBUG_INFO = INCLUDE_SOURCE;
				MTL_FAST_MATH = YES;
				ONLY_ACTIVE_ARCH = YES;
				SDKROOT = iphoneos;
				SWIFT_ACTIVE_COMPILATION_CONDITIONS = DEBUG;
				SWIFT_OPTIMIZATION_LEVEL = "-Onone";
			};
			name = Debug;
		};
		B5F2619724BC8D5A00202207 /* Release */ = {
			isa = XCBuildConfiguration;
			buildSettings = {
				ALWAYS_SEARCH_USER_PATHS = NO;
				CLANG_ANALYZER_NONNULL = YES;
				CLANG_ANALYZER_NUMBER_OBJECT_CONVERSION = YES_AGGRESSIVE;
				CLANG_CXX_LANGUAGE_STANDARD = "gnu++14";
				CLANG_CXX_LIBRARY = "libc++";
				CLANG_ENABLE_MODULES = YES;
				CLANG_ENABLE_OBJC_ARC = YES;
				CLANG_ENABLE_OBJC_WEAK = YES;
				CLANG_WARN_BLOCK_CAPTURE_AUTORELEASING = YES;
				CLANG_WARN_BOOL_CONVERSION = YES;
				CLANG_WARN_COMMA = YES;
				CLANG_WARN_CONSTANT_CONVERSION = YES;
				CLANG_WARN_DEPRECATED_OBJC_IMPLEMENTATIONS = YES;
				CLANG_WARN_DIRECT_OBJC_ISA_USAGE = YES_ERROR;
				CLANG_WARN_DOCUMENTATION_COMMENTS = YES;
				CLANG_WARN_EMPTY_BODY = YES;
				CLANG_WARN_ENUM_CONVERSION = YES;
				CLANG_WARN_INFINITE_RECURSION = YES;
				CLANG_WARN_INT_CONVERSION = YES;
				CLANG_WARN_NON_LITERAL_NULL_CONVERSION = YES;
				CLANG_WARN_OBJC_IMPLICIT_RETAIN_SELF = YES;
				CLANG_WARN_OBJC_LITERAL_CONVERSION = YES;
				CLANG_WARN_OBJC_ROOT_CLASS = YES_ERROR;
				CLANG_WARN_RANGE_LOOP_ANALYSIS = YES;
				CLANG_WARN_STRICT_PROTOTYPES = YES;
				CLANG_WARN_SUSPICIOUS_MOVE = YES;
				CLANG_WARN_UNGUARDED_AVAILABILITY = YES_AGGRESSIVE;
				CLANG_WARN_UNREACHABLE_CODE = YES;
				CLANG_WARN__DUPLICATE_METHOD_MATCH = YES;
				COPY_PHASE_STRIP = NO;
				DEBUG_INFORMATION_FORMAT = "dwarf-with-dsym";
				ENABLE_NS_ASSERTIONS = NO;
				ENABLE_STRICT_OBJC_MSGSEND = YES;
				GCC_C_LANGUAGE_STANDARD = gnu11;
				GCC_NO_COMMON_BLOCKS = YES;
				GCC_WARN_64_TO_32_BIT_CONVERSION = YES;
				GCC_WARN_ABOUT_RETURN_TYPE = YES_ERROR;
				GCC_WARN_UNDECLARED_SELECTOR = YES;
				GCC_WARN_UNINITIALIZED_AUTOS = YES_AGGRESSIVE;
				GCC_WARN_UNUSED_FUNCTION = YES;
				GCC_WARN_UNUSED_VARIABLE = YES;
				IPHONEOS_DEPLOYMENT_TARGET = 13.5;
				MTL_ENABLE_DEBUG_INFO = NO;
				MTL_FAST_MATH = YES;
				SDKROOT = iphoneos;
				SWIFT_COMPILATION_MODE = wholemodule;
				SWIFT_OPTIMIZATION_LEVEL = "-O";
				VALIDATE_PRODUCT = YES;
			};
			name = Release;
		};
		B5F2619924BC8D5A00202207 /* Debug */ = {
			isa = XCBuildConfiguration;
			buildSettings = {
				ASSETCATALOG_COMPILER_APPICON_NAME = AppIcon;
				CODE_SIGN_STYLE = Automatic;
				INFOPLIST_FILE = CuvvaTechTest/Info.plist;
				IPHONEOS_DEPLOYMENT_TARGET = 11.0;
				LD_RUNPATH_SEARCH_PATHS = (
					"$(inherited)",
					"@executable_path/Frameworks",
				);
				PRODUCT_BUNDLE_IDENTIFIER = com.decimal.CuvvaTechTest;
				PRODUCT_NAME = "$(TARGET_NAME)";
				SWIFT_VERSION = 5.0;
				TARGETED_DEVICE_FAMILY = "1,2";
			};
			name = Debug;
		};
		B5F2619A24BC8D5A00202207 /* Release */ = {
			isa = XCBuildConfiguration;
			buildSettings = {
				ASSETCATALOG_COMPILER_APPICON_NAME = AppIcon;
				CODE_SIGN_STYLE = Automatic;
				INFOPLIST_FILE = CuvvaTechTest/Info.plist;
				IPHONEOS_DEPLOYMENT_TARGET = 11.0;
				LD_RUNPATH_SEARCH_PATHS = (
					"$(inherited)",
					"@executable_path/Frameworks",
				);
				PRODUCT_BUNDLE_IDENTIFIER = com.decimal.CuvvaTechTest;
				PRODUCT_NAME = "$(TARGET_NAME)";
				SWIFT_VERSION = 5.0;
				TARGETED_DEVICE_FAMILY = "1,2";
			};
			name = Release;
		};
		B5F2619C24BC8D5A00202207 /* Debug */ = {
			isa = XCBuildConfiguration;
			buildSettings = {
				ALWAYS_EMBED_SWIFT_STANDARD_LIBRARIES = YES;
				BUNDLE_LOADER = "$(TEST_HOST)";
				CLANG_ENABLE_MODULES = YES;
				CODE_SIGN_STYLE = Automatic;
				INFOPLIST_FILE = CuvvaTechTestTests/Info.plist;
				IPHONEOS_DEPLOYMENT_TARGET = 13.5;
				LD_RUNPATH_SEARCH_PATHS = (
					"$(inherited)",
					"@executable_path/Frameworks",
					"@loader_path/Frameworks",
				);
				PRODUCT_BUNDLE_IDENTIFIER = com.decimal.CuvvaTechTestTests;
				PRODUCT_NAME = "$(TARGET_NAME)";
				SWIFT_OPTIMIZATION_LEVEL = "-Onone";
				SWIFT_VERSION = 5.0;
				TARGETED_DEVICE_FAMILY = "1,2";
				TEST_HOST = "$(BUILT_PRODUCTS_DIR)/CuvvaTechTest.app/CuvvaTechTest";
			};
			name = Debug;
		};
		B5F2619D24BC8D5A00202207 /* Release */ = {
			isa = XCBuildConfiguration;
			buildSettings = {
				ALWAYS_EMBED_SWIFT_STANDARD_LIBRARIES = YES;
				BUNDLE_LOADER = "$(TEST_HOST)";
				CLANG_ENABLE_MODULES = YES;
				CODE_SIGN_STYLE = Automatic;
				INFOPLIST_FILE = CuvvaTechTestTests/Info.plist;
				IPHONEOS_DEPLOYMENT_TARGET = 13.5;
				LD_RUNPATH_SEARCH_PATHS = (
					"$(inherited)",
					"@executable_path/Frameworks",
					"@loader_path/Frameworks",
				);
				PRODUCT_BUNDLE_IDENTIFIER = com.decimal.CuvvaTechTestTests;
				PRODUCT_NAME = "$(TARGET_NAME)";
				SWIFT_VERSION = 5.0;
				TARGETED_DEVICE_FAMILY = "1,2";
				TEST_HOST = "$(BUILT_PRODUCTS_DIR)/CuvvaTechTest.app/CuvvaTechTest";
			};
			name = Release;
		};
/* End XCBuildConfiguration section */

/* Begin XCConfigurationList section */
		B5F2617424BC8D5800202207 /* Build configuration list for PBXProject "CuvvaTechTest" */ = {
			isa = XCConfigurationList;
			buildConfigurations = (
				B5F2619624BC8D5A00202207 /* Debug */,
				B5F2619724BC8D5A00202207 /* Release */,
			);
			defaultConfigurationIsVisible = 0;
			defaultConfigurationName = Release;
		};
		B5F2619824BC8D5A00202207 /* Build configuration list for PBXNativeTarget "CuvvaTechTest" */ = {
			isa = XCConfigurationList;
			buildConfigurations = (
				B5F2619924BC8D5A00202207 /* Debug */,
				B5F2619A24BC8D5A00202207 /* Release */,
			);
			defaultConfigurationIsVisible = 0;
			defaultConfigurationName = Release;
		};
		B5F2619B24BC8D5A00202207 /* Build configuration list for PBXNativeTarget "CuvvaTechTestTests" */ = {
			isa = XCConfigurationList;
			buildConfigurations = (
				B5F2619C24BC8D5A00202207 /* Debug */,
				B5F2619D24BC8D5A00202207 /* Release */,
			);
			defaultConfigurationIsVisible = 0;
			defaultConfigurationName = Release;
		};
/* End XCConfigurationList section */
	};
	rootObject = B5F2617124BC8D5800202207 /* Project object */;
}
